
Microsoft Visual Studio Solution File, Format Version 12.00
Project("{FAE04EC0-301F-11D3-BF4B-00C04F79EFBC}") = "PoS_after", "PoS_after\PoS_after.csproj", "{C0C48896-36B8-4238-A858-7349B038151E}"
EndProject
Project("{FAE04EC0-301F-11D3-BF4B-00C04F79EFBC}") = "PosTerminalTests", "PosTerminalTests\PosTerminalTests.csproj", "{EF36A1EA-BC13-4121-AC08-4EC5AC1EDEB8}"
EndProject
Global
	GlobalSection(SolutionConfigurationPlatforms) = preSolution
		Debug|Any CPU = Debug|Any CPU
		Release|Any CPU = Release|Any CPU
	EndGlobalSection
	GlobalSection(ProjectConfigurationPlatforms) = postSolution
		{C0C48896-36B8-4238-A858-7349B038151E}.Debug|Any CPU.ActiveCfg = Debug|Any CPU
		{C0C48896-36B8-4238-A858-7349B038151E}.Debug|Any CPU.Build.0 = Debug|Any CPU
		{C0C48896-36B8-4238-A858-7349B038151E}.Release|Any CPU.ActiveCfg = Release|Any CPU
		{C0C48896-36B8-4238-A858-7349B038151E}.Release|Any CPU.Build.0 = Release|Any CPU
		{EF36A1EA-BC13-4121-AC08-4EC5AC1EDEB8}.Debug|Any CPU.ActiveCfg = Debug|Any CPU
		{EF36A1EA-BC13-4121-AC08-4EC5AC1EDEB8}.Debug|Any CPU.Build.0 = Debug|Any CPU
		{EF36A1EA-BC13-4121-AC08-4EC5AC1EDEB8}.Release|Any CPU.ActiveCfg = Release|Any CPU
		{EF36A1EA-BC13-4121-AC08-4EC5AC1EDEB8}.Release|Any CPU.Build.0 = Release|Any CPU
	EndGlobalSection
EndGlobal
